
Microsoft Visual Studio Solution File, Format Version 12.00
# Visual Studio Version 17
Project("{2150E333-8FDC-42A3-9474-1A3956D46DE8}") = "CMakePredefinedTargets", "CMakePredefinedTargets", "{F5093CCA-9C53-3569-95CF-30C0C2E22F2C}"
EndProject
Project("{8BC9CEB8-8B4A-11D0-8D11-00A0C91BC942}") = "CSC8503", "CSC8503\CSC8503.vcxproj", "{7B07D71A-CA5D-3E6F-B3A5-041DEAE4F2AC}"
	ProjectSection(ProjectDependencies) = postProject
		{2E090AB3-017C-3823-99BA-73AA56B0364E} = {2E090AB3-017C-3823-99BA-73AA56B0364E}
		{37D7124F-E16D-3D79-A60E-92FF65466010} = {37D7124F-E16D-3D79-A60E-92FF65466010}
		{24A16638-941D-3A47-9DD8-5AA9ABD1861A} = {24A16638-941D-3A47-9DD8-5AA9ABD1861A}
		{05502A26-E97E-378F-BCCF-4B38D11A9267} = {05502A26-E97E-378F-BCCF-4B38D11A9267}
	EndProjectSection
EndProject
Project("{8BC9CEB8-8B4A-11D0-8D11-00A0C91BC942}") = "ALL_BUILD", "ALL_BUILD.vcxproj", "{A34C976F-B465-39A5-8A80-837FCCBEF57F}"
	ProjectSection(ProjectDependencies) = postProject
		{7B07D71A-CA5D-3E6F-B3A5-041DEAE4F2AC} = {7B07D71A-CA5D-3E6F-B3A5-041DEAE4F2AC}
		{2E090AB3-017C-3823-99BA-73AA56B0364E} = {2E090AB3-017C-3823-99BA-73AA56B0364E}
		{37D7124F-E16D-3D79-A60E-92FF65466010} = {37D7124F-E16D-3D79-A60E-92FF65466010}
		{24A16638-941D-3A47-9DD8-5AA9ABD1861A} = {24A16638-941D-3A47-9DD8-5AA9ABD1861A}
		{05502A26-E97E-378F-BCCF-4B38D11A9267} = {05502A26-E97E-378F-BCCF-4B38D11A9267}
	EndProjectSection
EndProject
Project("{8BC9CEB8-8B4A-11D0-8D11-00A0C91BC942}") = "CSC8503CoreClasses", "CSC8503CoreClasses\CSC8503CoreClasses.vcxproj", "{2E090AB3-017C-3823-99BA-73AA56B0364E}"
	ProjectSection(ProjectDependencies) = postProject
		{05502A26-E97E-378F-BCCF-4B38D11A9267} = {05502A26-E97E-378F-BCCF-4B38D11A9267}
	EndProjectSection
EndProject
Project("{8BC9CEB8-8B4A-11D0-8D11-00A0C91BC942}") = "NCLCoreClasses", "NCLCoreClasses\NCLCoreClasses.vcxproj", "{37D7124F-E16D-3D79-A60E-92FF65466010}"
	ProjectSection(ProjectDependencies) = postProject
		{05502A26-E97E-378F-BCCF-4B38D11A9267} = {05502A26-E97E-378F-BCCF-4B38D11A9267}
	EndProjectSection
EndProject
Project("{8BC9CEB8-8B4A-11D0-8D11-00A0C91BC942}") = "OpenGLRendering", "OpenGLRendering\OpenGLRendering.vcxproj", "{24A16638-941D-3A47-9DD8-5AA9ABD1861A}"
	ProjectSection(ProjectDependencies) = postProject
		{37D7124F-E16D-3D79-A60E-92FF65466010} = {37D7124F-E16D-3D79-A60E-92FF65466010}
		{05502A26-E97E-378F-BCCF-4B38D11A9267} = {05502A26-E97E-378F-BCCF-4B38D11A9267}
	EndProjectSection
EndProject
Project("{8BC9CEB8-8B4A-11D0-8D11-00A0C91BC942}") = "ZERO_CHECK", "ZERO_CHECK.vcxproj", "{05502A26-E97E-378F-BCCF-4B38D11A9267}"
	ProjectSection(ProjectDependencies) = postProject
	EndProjectSection
EndProject
Global
	GlobalSection(SolutionConfigurationPlatforms) = preSolution
		Debug|x64 = Debug|x64
		Release|x64 = Release|x64
	EndGlobalSection
	GlobalSection(ProjectConfigurationPlatforms) = postSolution
		{7B07D71A-CA5D-3E6F-B3A5-041DEAE4F2AC}.Debug|x64.ActiveCfg = Debug|x64
		{7B07D71A-CA5D-3E6F-B3A5-041DEAE4F2AC}.Debug|x64.Build.0 = Debug|x64
		{7B07D71A-CA5D-3E6F-B3A5-041DEAE4F2AC}.Release|x64.ActiveCfg = Release|x64
		{7B07D71A-CA5D-3E6F-B3A5-041DEAE4F2AC}.Release|x64.Build.0 = Release|x64
		{A34C976F-B465-39A5-8A80-837FCCBEF57F}.Debug|x64.ActiveCfg = Debug|x64
		{A34C976F-B465-39A5-8A80-837FCCBEF57F}.Release|x64.ActiveCfg = Release|x64
		{2E090AB3-017C-3823-99BA-73AA56B0364E}.Debug|x64.ActiveCfg = Debug|x64
		{2E090AB3-017C-3823-99BA-73AA56B0364E}.Debug|x64.Build.0 = Debug|x64
		{2E090AB3-017C-3823-99BA-73AA56B0364E}.Release|x64.ActiveCfg = Release|x64
		{2E090AB3-017C-3823-99BA-73AA56B0364E}.Release|x64.Build.0 = Release|x64
		{37D7124F-E16D-3D79-A60E-92FF65466010}.Debug|x64.ActiveCfg = Debug|x64
		{37D7124F-E16D-3D79-A60E-92FF65466010}.Debug|x64.Build.0 = Debug|x64
		{37D7124F-E16D-3D79-A60E-92FF65466010}.Release|x64.ActiveCfg = Release|x64
		{37D7124F-E16D-3D79-A60E-92FF65466010}.Release|x64.Build.0 = Release|x64
		{24A16638-941D-3A47-9DD8-5AA9ABD1861A}.Debug|x64.ActiveCfg = Debug|x64
		{24A16638-941D-3A47-9DD8-5AA9ABD1861A}.Debug|x64.Build.0 = Debug|x64
		{24A16638-941D-3A47-9DD8-5AA9ABD1861A}.Release|x64.ActiveCfg = Release|x64
		{24A16638-941D-3A47-9DD8-5AA9ABD1861A}.Release|x64.Build.0 = Release|x64
		{05502A26-E97E-378F-BCCF-4B38D11A9267}.Debug|x64.ActiveCfg = Debug|x64
		{05502A26-E97E-378F-BCCF-4B38D11A9267}.Debug|x64.Build.0 = Debug|x64
		{05502A26-E97E-378F-BCCF-4B38D11A9267}.Release|x64.ActiveCfg = Release|x64
		{05502A26-E97E-378F-BCCF-4B38D11A9267}.Release|x64.Build.0 = Release|x64
	EndGlobalSection
	GlobalSection(NestedProjects) = preSolution
		{A34C976F-B465-39A5-8A80-837FCCBEF57F} = {F5093CCA-9C53-3569-95CF-30C0C2E22F2C}
		{05502A26-E97E-378F-BCCF-4B38D11A9267} = {F5093CCA-9C53-3569-95CF-30C0C2E22F2C}
	EndGlobalSection
	GlobalSection(ExtensibilityGlobals) = postSolution
		SolutionGuid = {1FE12E74-050A-3CF7-8F81-05266C5BD501}
	EndGlobalSection
	GlobalSection(ExtensibilityAddIns) = postSolution
	EndGlobalSection
EndGlobal
