<?xml version="1.0" encoding="utf-8"?>
<Project ToolsVersion="17.0" xmlns="http://schemas.microsoft.com/developer/msbuild/2003">
  <ItemGroup>
    <ClCompile Include="C:\Users\maxwe\Documents\University - Local\Year4\CSC8503 Code 2024\CSC8503CoreClasses\CMakeFiles\CSC8503CoreClasses.dir\cmake_pch.cxx">
      <Filter>Source Files</Filter>
    </ClCompile>
    <ClCompile Include="C:\Users\maxwe\Documents\University - Local\Year4\CSC8503 Code 2024\CSC8503CoreClasses\Debug.h">
      <Filter>Header Files</Filter>
    </ClCompile>
    <ClCompile Include="C:\Users\maxwe\Documents\University - Local\Year4\CSC8503 Code 2024\CSC8503CoreClasses\GameObject.h">
      <Filter>Header Files</Filter>
    </ClCompile>
    <ClCompile Include="C:\Users\maxwe\Documents\University - Local\Year4\CSC8503 Code 2024\CSC8503CoreClasses\GameWorld.h">
      <Filter>Header Files</Filter>
    </ClCompile>
    <ClCompile Include="C:\Users\maxwe\Documents\University - Local\Year4\CSC8503 Code 2024\CSC8503CoreClasses\RenderObject.h">
      <Filter>Header Files</Filter>
    </ClCompile>
    <ClCompile Include="C:\Users\maxwe\Documents\University - Local\Year4\CSC8503 Code 2024\CSC8503CoreClasses\Transform.h">
      <Filter>Header Files</Filter>
    </ClCompile>
    <ClCompile Include="C:\Users\maxwe\Documents\University - Local\Year4\CSC8503 Code 2024\CSC8503CoreClasses\Debug.cpp">
      <Filter>Source Files</Filter>
    </ClCompile>
    <ClCompile Include="C:\Users\maxwe\Documents\University - Local\Year4\CSC8503 Code 2024\CSC8503CoreClasses\GameObject.cpp">
      <Filter>Source Files</Filter>
    </ClCompile>
    <ClCompile Include="C:\Users\maxwe\Documents\University - Local\Year4\CSC8503 Code 2024\CSC8503CoreClasses\GameWorld.cpp">
      <Filter>Source Files</Filter>
    </ClCompile>
    <ClCompile Include="C:\Users\maxwe\Documents\University - Local\Year4\CSC8503 Code 2024\CSC8503CoreClasses\RenderObject.cpp">
      <Filter>Source Files</Filter>
    </ClCompile>
    <ClCompile Include="C:\Users\maxwe\Documents\University - Local\Year4\CSC8503 Code 2024\CSC8503CoreClasses\Transform.cpp">
      <Filter>Source Files</Filter>
    </ClCompile>
    <ClCompile Include="C:\Users\maxwe\Documents\University - Local\Year4\CSC8503 Code 2024\CSC8503CoreClasses\BehaviourAction.h">
      <Filter>AI\Behaviour Trees</Filter>
    </ClCompile>
    <ClCompile Include="C:\Users\maxwe\Documents\University - Local\Year4\CSC8503 Code 2024\CSC8503CoreClasses\BehaviourNode.h">
      <Filter>AI\Behaviour Trees</Filter>
    </ClCompile>
    <ClCompile Include="C:\Users\maxwe\Documents\University - Local\Year4\CSC8503 Code 2024\CSC8503CoreClasses\BehaviourNodeWithChildren.h">
      <Filter>AI\Behaviour Trees</Filter>
    </ClCompile>
    <ClCompile Include="C:\Users\maxwe\Documents\University - Local\Year4\CSC8503 Code 2024\CSC8503CoreClasses\BehaviourSelector.h">
      <Filter>AI\Behaviour Trees</Filter>
    </ClCompile>
    <ClCompile Include="C:\Users\maxwe\Documents\University - Local\Year4\CSC8503 Code 2024\CSC8503CoreClasses\BehaviourSelector.cpp">
      <Filter>AI\Behaviour Trees</Filter>
    </ClCompile>
    <ClCompile Include="C:\Users\maxwe\Documents\University - Local\Year4\CSC8503 Code 2024\CSC8503CoreClasses\BehaviourSequence.h">
      <Filter>AI\Behaviour Trees</Filter>
    </ClCompile>
    <ClCompile Include="C:\Users\maxwe\Documents\University - Local\Year4\CSC8503 Code 2024\CSC8503CoreClasses\BehaviourSequence.cpp">
      <Filter>AI\Behaviour Trees</Filter>
    </ClCompile>
    <ClCompile Include="C:\Users\maxwe\Documents\University - Local\Year4\CSC8503 Code 2024\CSC8503CoreClasses\PushdownMachine.h">
      <Filter>AI\Pushdown Automata</Filter>
    </ClCompile>
    <ClCompile Include="C:\Users\maxwe\Documents\University - Local\Year4\CSC8503 Code 2024\CSC8503CoreClasses\PushdownMachine.cpp">
      <Filter>AI\Pushdown Automata</Filter>
    </ClCompile>
    <ClCompile Include="C:\Users\maxwe\Documents\University - Local\Year4\CSC8503 Code 2024\CSC8503CoreClasses\PushdownState.h">
      <Filter>AI\Pushdown Automata</Filter>
    </ClCompile>
    <ClCompile Include="C:\Users\maxwe\Documents\University - Local\Year4\CSC8503 Code 2024\CSC8503CoreClasses\PushdownState.cpp">
      <Filter>AI\Pushdown Automata</Filter>
    </ClCompile>
    <ClCompile Include="C:\Users\maxwe\Documents\University - Local\Year4\CSC8503 Code 2024\CSC8503CoreClasses\State.h">
      <Filter>AI\State Machine</Filter>
    </ClCompile>
    <ClCompile Include="C:\Users\maxwe\Documents\University - Local\Year4\CSC8503 Code 2024\CSC8503CoreClasses\StateMachine.h">
      <Filter>AI\State Machine</Filter>
    </ClCompile>
    <ClCompile Include="C:\Users\maxwe\Documents\University - Local\Year4\CSC8503 Code 2024\CSC8503CoreClasses\StateMachine.cpp">
      <Filter>AI\State Machine</Filter>
    </ClCompile>
    <ClCompile Include="C:\Users\maxwe\Documents\University - Local\Year4\CSC8503 Code 2024\CSC8503CoreClasses\StateTransition.h">
      <Filter>AI\State Machine</Filter>
    </ClCompile>
    <ClCompile Include="C:\Users\maxwe\Documents\University - Local\Year4\CSC8503 Code 2024\CSC8503CoreClasses\NavigationGrid.h">
      <Filter>AI\Pathfinding</Filter>
    </ClCompile>
    <ClCompile Include="C:\Users\maxwe\Documents\University - Local\Year4\CSC8503 Code 2024\CSC8503CoreClasses\NavigationGrid.cpp">
      <Filter>AI\Pathfinding</Filter>
    </ClCompile>
    <ClCompile Include="C:\Users\maxwe\Documents\University - Local\Year4\CSC8503 Code 2024\CSC8503CoreClasses\NavigationMesh.cpp">
      <Filter>AI\Pathfinding</Filter>
    </ClCompile>
    <ClCompile Include="C:\Users\maxwe\Documents\University - Local\Year4\CSC8503 Code 2024\CSC8503CoreClasses\NavigationMesh.h">
      <Filter>AI\Pathfinding</Filter>
    </ClCompile>
    <ClCompile Include="C:\Users\maxwe\Documents\University - Local\Year4\CSC8503 Code 2024\CSC8503CoreClasses\NavigationMap.h">
      <Filter>AI\Pathfinding</Filter>
    </ClCompile>
    <ClCompile Include="C:\Users\maxwe\Documents\University - Local\Year4\CSC8503 Code 2024\CSC8503CoreClasses\NavigationPath.h">
      <Filter>AI\Pathfinding</Filter>
    </ClCompile>
    <ClCompile Include="C:\Users\maxwe\Documents\University - Local\Year4\CSC8503 Code 2024\CSC8503CoreClasses\AABBVolume.h">
      <Filter>Collision Detection</Filter>
    </ClCompile>
    <ClCompile Include="C:\Users\maxwe\Documents\University - Local\Year4\CSC8503 Code 2024\CSC8503CoreClasses\CapsuleVolume.h">
      <Filter>Collision Detection</Filter>
    </ClCompile>
    <ClCompile Include="C:\Users\maxwe\Documents\University - Local\Year4\CSC8503 Code 2024\CSC8503CoreClasses\CapsuleVolume.cpp">
      <Filter>Collision Detection</Filter>
    </ClCompile>
    <ClCompile Include="C:\Users\maxwe\Documents\University - Local\Year4\CSC8503 Code 2024\CSC8503CoreClasses\CollisionDetection.h">
      <Filter>Collision Detection</Filter>
    </ClCompile>
    <ClCompile Include="C:\Users\maxwe\Documents\University - Local\Year4\CSC8503 Code 2024\CSC8503CoreClasses\CollisionDetection.cpp">
      <Filter>Collision Detection</Filter>
    </ClCompile>
    <ClCompile Include="C:\Users\maxwe\Documents\University - Local\Year4\CSC8503 Code 2024\CSC8503CoreClasses\CollisionVolume.h">
      <Filter>Collision Detection</Filter>
    </ClCompile>
    <ClCompile Include="C:\Users\maxwe\Documents\University - Local\Year4\CSC8503 Code 2024\CSC8503CoreClasses\OBBVolume.h">
      <Filter>Collision Detection</Filter>
    </ClCompile>
    <ClCompile Include="C:\Users\maxwe\Documents\University - Local\Year4\CSC8503 Code 2024\CSC8503CoreClasses\QuadTree.h">
      <Filter>Collision Detection</Filter>
    </ClCompile>
    <ClCompile Include="C:\Users\maxwe\Documents\University - Local\Year4\CSC8503 Code 2024\CSC8503CoreClasses\QuadTree.cpp">
      <Filter>Collision Detection</Filter>
    </ClCompile>
    <ClCompile Include="C:\Users\maxwe\Documents\University - Local\Year4\CSC8503 Code 2024\CSC8503CoreClasses\Ray.h">
      <Filter>Collision Detection</Filter>
    </ClCompile>
    <ClCompile Include="C:\Users\maxwe\Documents\University - Local\Year4\CSC8503 Code 2024\CSC8503CoreClasses\SphereVolume.h">
      <Filter>Collision Detection</Filter>
    </ClCompile>
    <ClCompile Include="C:\Users\maxwe\Documents\University - Local\Year4\CSC8503 Code 2024\CSC8503CoreClasses\GameClient.h">
      <Filter>Networking</Filter>
    </ClCompile>
    <ClCompile Include="C:\Users\maxwe\Documents\University - Local\Year4\CSC8503 Code 2024\CSC8503CoreClasses\GameClient.cpp">
      <Filter>Networking</Filter>
    </ClCompile>
    <ClCompile Include="C:\Users\maxwe\Documents\University - Local\Year4\CSC8503 Code 2024\CSC8503CoreClasses\GameServer.h">
      <Filter>Networking</Filter>
    </ClCompile>
    <ClCompile Include="C:\Users\maxwe\Documents\University - Local\Year4\CSC8503 Code 2024\CSC8503CoreClasses\GameServer.cpp">
      <Filter>Networking</Filter>
    </ClCompile>
    <ClCompile Include="C:\Users\maxwe\Documents\University - Local\Year4\CSC8503 Code 2024\CSC8503CoreClasses\NetworkBase.h">
      <Filter>Networking</Filter>
    </ClCompile>
    <ClCompile Include="C:\Users\maxwe\Documents\University - Local\Year4\CSC8503 Code 2024\CSC8503CoreClasses\NetworkBase.cpp">
      <Filter>Networking</Filter>
    </ClCompile>
    <ClCompile Include="C:\Users\maxwe\Documents\University - Local\Year4\CSC8503 Code 2024\CSC8503CoreClasses\NetworkObject.h">
      <Filter>Networking</Filter>
    </ClCompile>
    <ClCompile Include="C:\Users\maxwe\Documents\University - Local\Year4\CSC8503 Code 2024\CSC8503CoreClasses\NetworkObject.cpp">
      <Filter>Networking</Filter>
    </ClCompile>
    <ClCompile Include="C:\Users\maxwe\Documents\University - Local\Year4\CSC8503 Code 2024\CSC8503CoreClasses\NetworkState.h">
      <Filter>Networking</Filter>
    </ClCompile>
    <ClCompile Include="C:\Users\maxwe\Documents\University - Local\Year4\CSC8503 Code 2024\CSC8503CoreClasses\NetworkState.cpp">
      <Filter>Networking</Filter>
    </ClCompile>
    <ClCompile Include="C:\Users\maxwe\Documents\University - Local\Year4\CSC8503 Code 2024\CSC8503CoreClasses\Constraint.h">
      <Filter>Physics</Filter>
    </ClCompile>
    <ClCompile Include="C:\Users\maxwe\Documents\University - Local\Year4\CSC8503 Code 2024\CSC8503CoreClasses\PositionConstraint.cpp">
      <Filter>Physics</Filter>
    </ClCompile>
    <ClCompile Include="C:\Users\maxwe\Documents\University - Local\Year4\CSC8503 Code 2024\CSC8503CoreClasses\PositionConstraint.h">
      <Filter>Physics</Filter>
    </ClCompile>
    <ClCompile Include="C:\Users\maxwe\Documents\University - Local\Year4\CSC8503 Code 2024\CSC8503CoreClasses\OrientationConstraint.cpp">
      <Filter>Physics</Filter>
    </ClCompile>
    <ClCompile Include="C:\Users\maxwe\Documents\University - Local\Year4\CSC8503 Code 2024\CSC8503CoreClasses\OrientationConstraint.h">
      <Filter>Physics</Filter>
    </ClCompile>
    <ClCompile Include="C:\Users\maxwe\Documents\University - Local\Year4\CSC8503 Code 2024\CSC8503CoreClasses\PhysicsObject.cpp">
      <Filter>Physics</Filter>
    </ClCompile>
    <ClCompile Include="C:\Users\maxwe\Documents\University - Local\Year4\CSC8503 Code 2024\CSC8503CoreClasses\PhysicsObject.h">
      <Filter>Physics</Filter>
    </ClCompile>
    <ClCompile Include="C:\Users\maxwe\Documents\University - Local\Year4\CSC8503 Code 2024\CSC8503CoreClasses\PhysicsSystem.cpp">
      <Filter>Physics</Filter>
    </ClCompile>
    <ClCompile Include="C:\Users\maxwe\Documents\University - Local\Year4\CSC8503 Code 2024\CSC8503CoreClasses\PhysicsSystem.h">
      <Filter>Physics</Filter>
    </ClCompile>
    <ClCompile Include="C:\Users\maxwe\Documents\University - Local\Year4\CSC8503 Code 2024\CSC8503CoreClasses\enet\callbacks.c">
      <Filter>eNet</Filter>
    </ClCompile>
    <ClCompile Include="C:\Users\maxwe\Documents\University - Local\Year4\CSC8503 Code 2024\CSC8503CoreClasses\enet\list.h">
      <Filter>eNet</Filter>
    </ClCompile>
    <ClCompile Include="C:\Users\maxwe\Documents\University - Local\Year4\CSC8503 Code 2024\CSC8503CoreClasses\enet\list.c">
      <Filter>eNet</Filter>
    </ClCompile>
    <ClCompile Include="C:\Users\maxwe\Documents\University - Local\Year4\CSC8503 Code 2024\CSC8503CoreClasses\enet\protocol.h">
      <Filter>eNet</Filter>
    </ClCompile>
    <ClCompile Include="C:\Users\maxwe\Documents\University - Local\Year4\CSC8503 Code 2024\CSC8503CoreClasses\enet\protocol.c">
      <Filter>eNet</Filter>
    </ClCompile>
    <ClCompile Include="C:\Users\maxwe\Documents\University - Local\Year4\CSC8503 Code 2024\CSC8503CoreClasses\enet\win32.h">
      <Filter>eNet</Filter>
    </ClCompile>
    <ClCompile Include="C:\Users\maxwe\Documents\University - Local\Year4\CSC8503 Code 2024\CSC8503CoreClasses\enet\win32.c">
      <Filter>eNet</Filter>
    </ClCompile>
    <ClCompile Include="C:\Users\maxwe\Documents\University - Local\Year4\CSC8503 Code 2024\CSC8503CoreClasses\enet\enet.h">
      <Filter>eNet</Filter>
    </ClCompile>
    <ClCompile Include="C:\Users\maxwe\Documents\University - Local\Year4\CSC8503 Code 2024\CSC8503CoreClasses\enet\time.h">
      <Filter>eNet</Filter>
    </ClCompile>
    <ClCompile Include="C:\Users\maxwe\Documents\University - Local\Year4\CSC8503 Code 2024\CSC8503CoreClasses\enet\types.h">
      <Filter>eNet</Filter>
    </ClCompile>
    <ClCompile Include="C:\Users\maxwe\Documents\University - Local\Year4\CSC8503 Code 2024\CSC8503CoreClasses\enet\utility.h">
      <Filter>eNet</Filter>
    </ClCompile>
    <ClCompile Include="C:\Users\maxwe\Documents\University - Local\Year4\CSC8503 Code 2024\CSC8503CoreClasses\enet\compress.c">
      <Filter>eNet</Filter>
    </ClCompile>
    <ClCompile Include="C:\Users\maxwe\Documents\University - Local\Year4\CSC8503 Code 2024\CSC8503CoreClasses\enet\host.c">
      <Filter>eNet</Filter>
    </ClCompile>
    <ClCompile Include="C:\Users\maxwe\Documents\University - Local\Year4\CSC8503 Code 2024\CSC8503CoreClasses\enet\packet.c">
      <Filter>eNet</Filter>
    </ClCompile>
    <ClCompile Include="C:\Users\maxwe\Documents\University - Local\Year4\CSC8503 Code 2024\CSC8503CoreClasses\enet\peer.c">
      <Filter>eNet</Filter>
    </ClCompile>
  </ItemGroup>
  <ItemGroup>
    <ClInclude Include="C:\Users\maxwe\Documents\University - Local\Year4\CSC8503 Code 2024\CSC8503CoreClasses\CMakeFiles\CSC8503CoreClasses.dir\Debug\cmake_pch.hxx">
      <Filter>Precompile Header File</Filter>
    </ClInclude>
    <ClInclude Include="C:\Users\maxwe\Documents\University - Local\Year4\CSC8503 Code 2024\CSC8503CoreClasses\CMakeFiles\CSC8503CoreClasses.dir\Release\cmake_pch.hxx">
      <Filter>Precompile Header File</Filter>
    </ClInclude>
  </ItemGroup>
  <ItemGroup>
    <CustomBuild Include="C:\Users\maxwe\Documents\University - Local\Year4\CSC8503 Code 2024\CSC8503CoreClasses\CMakeLists.txt" />
  </ItemGroup>
  <ItemGroup>
    <Filter Include="AI">
      <UniqueIdentifier>{E1D2C4BC-7B27-39F8-9487-72586111C4A5}</UniqueIdentifier>
    </Filter>
    <Filter Include="AI\Behaviour Trees">
      <UniqueIdentifier>{542DE2A1-7F1E-361A-9D29-ACC03425C75A}</UniqueIdentifier>
    </Filter>
    <Filter Include="AI\Pathfinding">
      <UniqueIdentifier>{B0F5E801-C9E3-33D7-9151-AB24A8A145DB}</UniqueIdentifier>
    </Filter>
    <Filter Include="AI\Pushdown Automata">
      <UniqueIdentifier>{9DB81FDF-7348-386F-AACB-BEB9501B7072}</UniqueIdentifier>
    </Filter>
    <Filter Include="AI\State Machine">
      <UniqueIdentifier>{36A19D7E-32BD-38D6-8946-4F160CCD20B4}</UniqueIdentifier>
    </Filter>
    <Filter Include="Collision Detection">
      <UniqueIdentifier>{B99D4E12-AC8A-36C5-9FA9-DECD19410150}</UniqueIdentifier>
    </Filter>
    <Filter Include="Header Files">
      <UniqueIdentifier>{9B104147-9B32-3627-A641-BCAD1F51EFAB}</UniqueIdentifier>
    </Filter>
    <Filter Include="Networking">
      <UniqueIdentifier>{FE84D7BB-071A-3DA8-BC80-C4F499CBC5EE}</UniqueIdentifier>
    </Filter>
    <Filter Include="Physics">
      <UniqueIdentifier>{6E9969DE-0837-36CF-BDBF-E48FD2BA2D08}</UniqueIdentifier>
    </Filter>
    <Filter Include="Precompile Header File">
      <UniqueIdentifier>{3D4C9979-15FD-3DBC-B868-8E07CD709A13}</UniqueIdentifier>
    </Filter>
    <Filter Include="Source Files">
      <UniqueIdentifier>{67FAEB56-8A53-3B6B-A228-AC3446D12C66}</UniqueIdentifier>
    </Filter>
    <Filter Include="eNet">
      <UniqueIdentifier>{7916A8CE-03E7-38C0-941A-024C79D7E1F1}</UniqueIdentifier>
    </Filter>
  </ItemGroup>
</Project>
