<?xml version="1.0" encoding="utf-8"?>
<Project ToolsVersion="17.0" xmlns="http://schemas.microsoft.com/developer/msbuild/2003">
  <ItemGroup>
    <ClCompile Include="C:\Users\maxwe\Documents\University - Local\Year4\CSC8503 Code 2024\CSC8503\CMakeFiles\CSC8503.dir\cmake_pch.cxx">
      <Filter>Source Files</Filter>
    </ClCompile>
    <ClCompile Include="C:\Users\maxwe\Documents\University - Local\Year4\CSC8503 Code 2024\CSC8503\GameTechRenderer.cpp">
      <Filter>Source Files</Filter>
    </ClCompile>
    <ClCompile Include="C:\Users\maxwe\Documents\University - Local\Year4\CSC8503 Code 2024\CSC8503\Main.cpp">
      <Filter>Source Files</Filter>
    </ClCompile>
    <ClCompile Include="C:\Users\maxwe\Documents\University - Local\Year4\CSC8503 Code 2024\CSC8503\NetworkPlayer.cpp">
      <Filter>Source Files</Filter>
    </ClCompile>
    <ClCompile Include="C:\Users\maxwe\Documents\University - Local\Year4\CSC8503 Code 2024\CSC8503\NetworkedGame.cpp">
      <Filter>Source Files</Filter>
    </ClCompile>
    <ClCompile Include="C:\Users\maxwe\Documents\University - Local\Year4\CSC8503 Code 2024\CSC8503\PauseScreen.cpp">
      <Filter>Source Files</Filter>
    </ClCompile>
    <ClCompile Include="C:\Users\maxwe\Documents\University - Local\Year4\CSC8503 Code 2024\CSC8503\StateGameObject.cpp">
      <Filter>Source Files</Filter>
    </ClCompile>
    <ClCompile Include="C:\Users\maxwe\Documents\University - Local\Year4\CSC8503 Code 2024\CSC8503\TutorialGame.cpp">
      <Filter>Source Files</Filter>
    </ClCompile>
  </ItemGroup>
  <ItemGroup>
    <ClInclude Include="C:\Users\maxwe\Documents\University - Local\Year4\CSC8503 Code 2024\CSC8503\GameTechRenderer.h">
      <Filter>Header Files</Filter>
    </ClInclude>
    <ClInclude Include="C:\Users\maxwe\Documents\University - Local\Year4\CSC8503 Code 2024\CSC8503\NetworkPlayer.h">
      <Filter>Header Files</Filter>
    </ClInclude>
    <ClInclude Include="C:\Users\maxwe\Documents\University - Local\Year4\CSC8503 Code 2024\CSC8503\NetworkedGame.h">
      <Filter>Header Files</Filter>
    </ClInclude>
    <ClInclude Include="C:\Users\maxwe\Documents\University - Local\Year4\CSC8503 Code 2024\CSC8503\PauseScreen.h">
      <Filter>Header Files</Filter>
    </ClInclude>
    <ClInclude Include="C:\Users\maxwe\Documents\University - Local\Year4\CSC8503 Code 2024\CSC8503\StateGameObject.h">
      <Filter>Header Files</Filter>
    </ClInclude>
    <ClInclude Include="C:\Users\maxwe\Documents\University - Local\Year4\CSC8503 Code 2024\CSC8503\TutorialGame.h">
      <Filter>Header Files</Filter>
    </ClInclude>
    <ClInclude Include="C:\Users\maxwe\Documents\University - Local\Year4\CSC8503 Code 2024\CSC8503\CMakeFiles\CSC8503.dir\Debug\cmake_pch.hxx">
      <Filter>Precompile Header File</Filter>
    </ClInclude>
    <ClInclude Include="C:\Users\maxwe\Documents\University - Local\Year4\CSC8503 Code 2024\CSC8503\CMakeFiles\CSC8503.dir\Release\cmake_pch.hxx">
      <Filter>Precompile Header File</Filter>
    </ClInclude>
  </ItemGroup>
  <ItemGroup>
    <CustomBuild Include="C:\Users\maxwe\Documents\University - Local\Year4\CSC8503 Code 2024\CSC8503\CMakeLists.txt" />
  </ItemGroup>
  <ItemGroup>
    <Filter Include="Header Files">
      <UniqueIdentifier>{9B104147-9B32-3627-A641-BCAD1F51EFAB}</UniqueIdentifier>
    </Filter>
    <Filter Include="Precompile Header File">
      <UniqueIdentifier>{3D4C9979-15FD-3DBC-B868-8E07CD709A13}</UniqueIdentifier>
    </Filter>
    <Filter Include="Source Files">
      <UniqueIdentifier>{67FAEB56-8A53-3B6B-A228-AC3446D12C66}</UniqueIdentifier>
    </Filter>
  </ItemGroup>
</Project>
